// !$*UTF8*$!
{
	archiveVersion = 1;
	classes = {
	};
	objectVersion = 56;
	objects = {

/* Begin PBXBuildFile section */
		EEDBD5852AFD194A008B4894 /* AppDelegate.swift in Sources */ = {isa = PBXBuildFile; fileRef = EEDBD5842AFD194A008B4894 /* AppDelegate.swift */; };
		EEDBD5872AFD194A008B4894 /* ContentView.swift in Sources */ = {isa = PBXBuildFile; fileRef = EEDBD5862AFD194A008B4894 /* ContentView.swift */; };
		EEDBD5892AFD194B008B4894 /* Assets.xcassets in Resources */ = {isa = PBXBuildFile; fileRef = EEDBD5882AFD194B008B4894 /* Assets.xcassets */; };
		EEDBD58C2AFD194B008B4894 /* Preview Assets.xcassets in Resources */ = {isa = PBXBuildFile; fileRef = EEDBD58B2AFD194B008B4894 /* Preview Assets.xcassets */; };
		EEDBD5AF2AFD1A32008B4894 /* ViewModel.swift in Sources */ = {isa = PBXBuildFile; fileRef = EEDBD5AE2AFD1A32008B4894 /* ViewModel.swift */; };
		EEDBD5B12AFD1A4B008B4894 /* EntityHelperMethods.swift in Sources */ = {isa = PBXBuildFile; fileRef = EEDBD5B02AFD1A4B008B4894 /* EntityHelperMethods.swift */; };
		EEDBD5B32AFD1A6F008B4894 /* MessageView.swift in Sources */ = {isa = PBXBuildFile; fileRef = EEDBD5B22AFD1A6F008B4894 /* MessageView.swift */; };
		EEDBD5B52AFD1A92008B4894 /* ARView.swift in Sources */ = {isa = PBXBuildFile; fileRef = EEDBD5B42AFD1A92008B4894 /* ARView.swift */; };
		EEDBD5B72AFD1B2C008B4894 /* HUDView.swift in Sources */ = {isa = PBXBuildFile; fileRef = EEDBD5B62AFD1B2C008B4894 /* HUDView.swift */; };
		EEDBD5B92AFD1BFB008B4894 /* EditingView.swift in Sources */ = {isa = PBXBuildFile; fileRef = EEDBD5B82AFD1BFB008B4894 /* EditingView.swift */; };
/* End PBXBuildFile section */

/* Begin PBXContainerItemProxy section */
		EEDBD5922AFD194B008B4894 /* PBXContainerItemProxy */ = {
			isa = PBXContainerItemProxy;
			containerPortal = EEDBD5792AFD194A008B4894 /* Project object */;
			proxyType = 1;
			remoteGlobalIDString = EEDBD5802AFD194A008B4894;
			remoteInfo = CustomizableMessagePlane;
		};
		EEDBD59C2AFD194B008B4894 /* PBXContainerItemProxy */ = {
			isa = PBXContainerItemProxy;
			containerPortal = EEDBD5792AFD194A008B4894 /* Project object */;
			proxyType = 1;
			remoteGlobalIDString = EEDBD5802AFD194A008B4894;
			remoteInfo = CustomizableMessagePlane;
		};
/* End PBXContainerItemProxy section */

/* Begin PBXFileReference section */
		EEDBD5812AFD194A008B4894 /* CustomizableMessagePlane.app */ = {isa = PBXFileReference; explicitFileType = wrapper.application; includeInIndex = 0; path = CustomizableMessagePlane.app; sourceTree = BUILT_PRODUCTS_DIR; };
		EEDBD5842AFD194A008B4894 /* AppDelegate.swift */ = {isa = PBXFileReference; lastKnownFileType = sourcecode.swift; path = AppDelegate.swift; sourceTree = "<group>"; };
		EEDBD5862AFD194A008B4894 /* ContentView.swift */ = {isa = PBXFileReference; lastKnownFileType = sourcecode.swift; path = ContentView.swift; sourceTree = "<group>"; };
		EEDBD5882AFD194B008B4894 /* Assets.xcassets */ = {isa = PBXFileReference; lastKnownFileType = folder.assetcatalog; path = Assets.xcassets; sourceTree = "<group>"; };
		EEDBD58B2AFD194B008B4894 /* Preview Assets.xcassets */ = {isa = PBXFileReference; lastKnownFileType = folder.assetcatalog; path = "Preview Assets.xcassets"; sourceTree = "<group>"; };
		EEDBD5912AFD194B008B4894 /* CustomizableMessagePlaneTests.xctest */ = {isa = PBXFileReference; explicitFileType = wrapper.cfbundle; includeInIndex = 0; path = CustomizableMessagePlaneTests.xctest; sourceTree = BUILT_PRODUCTS_DIR; };
		EEDBD59B2AFD194B008B4894 /* CustomizableMessagePlaneUITests.xctest */ = {isa = PBXFileReference; explicitFileType = wrapper.cfbundle; includeInIndex = 0; path = CustomizableMessagePlaneUITests.xctest; sourceTree = BUILT_PRODUCTS_DIR; };
		EEDBD5AE2AFD1A32008B4894 /* ViewModel.swift */ = {isa = PBXFileReference; lastKnownFileType = sourcecode.swift; path = ViewModel.swift; sourceTree = "<group>"; };
		EEDBD5B02AFD1A4B008B4894 /* EntityHelperMethods.swift */ = {isa = PBXFileReference; lastKnownFileType = sourcecode.swift; path = EntityHelperMethods.swift; sourceTree = "<group>"; };
		EEDBD5B22AFD1A6F008B4894 /* MessageView.swift */ = {isa = PBXFileReference; lastKnownFileType = sourcecode.swift; path = MessageView.swift; sourceTree = "<group>"; };
		EEDBD5B42AFD1A92008B4894 /* ARView.swift */ = {isa = PBXFileReference; lastKnownFileType = sourcecode.swift; path = ARView.swift; sourceTree = "<group>"; };
		EEDBD5B62AFD1B2C008B4894 /* HUDView.swift */ = {isa = PBXFileReference; lastKnownFileType = sourcecode.swift; path = HUDView.swift; sourceTree = "<group>"; };
		EEDBD5B82AFD1BFB008B4894 /* EditingView.swift */ = {isa = PBXFileReference; lastKnownFileType = sourcecode.swift; path = EditingView.swift; sourceTree = "<group>"; };
/* End PBXFileReference section */

/* Begin PBXFrameworksBuildPhase section */
		EEDBD57E2AFD194A008B4894 /* Frameworks */ = {
			isa = PBXFrameworksBuildPhase;
			buildActionMask = 2147483647;
			files = (
			);
			runOnlyForDeploymentPostprocessing = 0;
		};
		EEDBD58E2AFD194B008B4894 /* Frameworks */ = {
			isa = PBXFrameworksBuildPhase;
			buildActionMask = 2147483647;
			files = (
			);
			runOnlyForDeploymentPostprocessing = 0;
		};
		EEDBD5982AFD194B008B4894 /* Frameworks */ = {
			isa = PBXFrameworksBuildPhase;
			buildActionMask = 2147483647;
			files = (
			);
			runOnlyForDeploymentPostprocessing = 0;
		};
/* End PBXFrameworksBuildPhase section */

/* Begin PBXGroup section */
		EEDBD5782AFD194A008B4894 = {
			isa = PBXGroup;
			children = (
				EEDBD5832AFD194A008B4894 /* CustomizableMessagePlane */,
				EEDBD5822AFD194A008B4894 /* Products */,
			);
			sourceTree = "<group>";
		};
		EEDBD5822AFD194A008B4894 /* Products */ = {
			isa = PBXGroup;
			children = (
				EEDBD5812AFD194A008B4894 /* CustomizableMessagePlane.app */,
				EEDBD5912AFD194B008B4894 /* CustomizableMessagePlaneTests.xctest */,
				EEDBD59B2AFD194B008B4894 /* CustomizableMessagePlaneUITests.xctest */,
			);
			name = Products;
			sourceTree = "<group>";
		};
		EEDBD5832AFD194A008B4894 /* CustomizableMessagePlane */ = {
			isa = PBXGroup;
			children = (
				EEDBD5842AFD194A008B4894 /* AppDelegate.swift */,
				EEDBD5862AFD194A008B4894 /* ContentView.swift */,
				EEDBD5AE2AFD1A32008B4894 /* ViewModel.swift */,
				EEDBD5B82AFD1BFB008B4894 /* EditingView.swift */,
				EEDBD5B02AFD1A4B008B4894 /* EntityHelperMethods.swift */,
				EEDBD5B62AFD1B2C008B4894 /* HUDView.swift */,
				EEDBD5B22AFD1A6F008B4894 /* MessageView.swift */,
				EEDBD5B42AFD1A92008B4894 /* ARView.swift */,
				EEDBD5882AFD194B008B4894 /* Assets.xcassets */,
				EEDBD58A2AFD194B008B4894 /* Preview Content */,
			);
			path = CustomizableMessagePlane;
			sourceTree = "<group>";
		};
		EEDBD58A2AFD194B008B4894 /* Preview Content */ = {
			isa = PBXGroup;
			children = (
				EEDBD58B2AFD194B008B4894 /* Preview Assets.xcassets */,
			);
			path = "Preview Content";
			sourceTree = "<group>";
		};
/* End PBXGroup section */

/* Begin PBXNativeTarget section */
		EEDBD5802AFD194A008B4894 /* CustomizableMessagePlane */ = {
			isa = PBXNativeTarget;
			buildConfigurationList = EEDBD5A52AFD194B008B4894 /* Build configuration list for PBXNativeTarget "CustomizableMessagePlane" */;
			buildPhases = (
				EEDBD57D2AFD194A008B4894 /* Sources */,
				EEDBD57E2AFD194A008B4894 /* Frameworks */,
				EEDBD57F2AFD194A008B4894 /* Resources */,
			);
			buildRules = (
			);
			dependencies = (
			);
			name = CustomizableMessagePlane;
			productName = CustomizableMessagePlane;
			productReference = EEDBD5812AFD194A008B4894 /* CustomizableMessagePlane.app */;
			productType = "com.apple.product-type.application";
		};
		EEDBD5902AFD194B008B4894 /* CustomizableMessagePlaneTests */ = {
			isa = PBXNativeTarget;
			buildConfigurationList = EEDBD5A82AFD194B008B4894 /* Build configuration list for PBXNativeTarget "CustomizableMessagePlaneTests" */;
			buildPhases = (
				EEDBD58D2AFD194B008B4894 /* Sources */,
				EEDBD58E2AFD194B008B4894 /* Frameworks */,
				EEDBD58F2AFD194B008B4894 /* Resources */,
			);
			buildRules = (
			);
			dependencies = (
				EEDBD5932AFD194B008B4894 /* PBXTargetDependency */,
			);
			name = CustomizableMessagePlaneTests;
			productName = CustomizableMessagePlaneTests;
			productReference = EEDBD5912AFD194B008B4894 /* CustomizableMessagePlaneTests.xctest */;
			productType = "com.apple.product-type.bundle.unit-test";
		};
		EEDBD59A2AFD194B008B4894 /* CustomizableMessagePlaneUITests */ = {
			isa = PBXNativeTarget;
			buildConfigurationList = EEDBD5AB2AFD194B008B4894 /* Build configuration list for PBXNativeTarget "CustomizableMessagePlaneUITests" */;
			buildPhases = (
				EEDBD5972AFD194B008B4894 /* Sources */,
				EEDBD5982AFD194B008B4894 /* Frameworks */,
				EEDBD5992AFD194B008B4894 /* Resources */,
			);
			buildRules = (
			);
			dependencies = (
				EEDBD59D2AFD194B008B4894 /* PBXTargetDependency */,
			);
			name = CustomizableMessagePlaneUITests;
			productName = CustomizableMessagePlaneUITests;
			productReference = EEDBD59B2AFD194B008B4894 /* CustomizableMessagePlaneUITests.xctest */;
			productType = "com.apple.product-type.bundle.ui-testing";
		};
/* End PBXNativeTarget section */

/* Begin PBXProject section */
		EEDBD5792AFD194A008B4894 /* Project object */ = {
			isa = PBXProject;
			attributes = {
				BuildIndependentTargetsInParallel = 1;
				LastSwiftUpdateCheck = 1510;
				LastUpgradeCheck = 1510;
				TargetAttributes = {
					EEDBD5802AFD194A008B4894 = {
						CreatedOnToolsVersion = 15.1;
					};
					EEDBD5902AFD194B008B4894 = {
						CreatedOnToolsVersion = 15.1;
						TestTargetID = EEDBD5802AFD194A008B4894;
					};
					EEDBD59A2AFD194B008B4894 = {
						CreatedOnToolsVersion = 15.1;
						TestTargetID = EEDBD5802AFD194A008B4894;
					};
				};
			};
			buildConfigurationList = EEDBD57C2AFD194A008B4894 /* Build configuration list for PBXProject "CustomizableMessagePlane" */;
			compatibilityVersion = "Xcode 14.0";
			developmentRegion = en;
			hasScannedForEncodings = 0;
			knownRegions = (
				en,
				Base,
			);
			mainGroup = EEDBD5782AFD194A008B4894;
			productRefGroup = EEDBD5822AFD194A008B4894 /* Products */;
			projectDirPath = "";
			projectRoot = "";
			targets = (
				EEDBD5802AFD194A008B4894 /* CustomizableMessagePlane */,
				EEDBD5902AFD194B008B4894 /* CustomizableMessagePlaneTests */,
				EEDBD59A2AFD194B008B4894 /* CustomizableMessagePlaneUITests */,
			);
		};
/* End PBXProject section */

/* Begin PBXResourcesBuildPhase section */
		EEDBD57F2AFD194A008B4894 /* Resources */ = {
			isa = PBXResourcesBuildPhase;
			buildActionMask = 2147483647;
			files = (
				EEDBD58C2AFD194B008B4894 /* Preview Assets.xcassets in Resources */,
				EEDBD5892AFD194B008B4894 /* Assets.xcassets in Resources */,
			);
			runOnlyForDeploymentPostprocessing = 0;
		};
		EEDBD58F2AFD194B008B4894 /* Resources */ = {
			isa = PBXResourcesBuildPhase;
			buildActionMask = 2147483647;
			files = (
			);
			runOnlyForDeploymentPostprocessing = 0;
		};
		EEDBD5992AFD194B008B4894 /* Resources */ = {
			isa = PBXResourcesBuildPhase;
			buildActionMask = 2147483647;
			files = (
			);
			runOnlyForDeploymentPostprocessing = 0;
		};
/* End PBXResourcesBuildPhase section */

/* Begin PBXSourcesBuildPhase section */
		EEDBD57D2AFD194A008B4894 /* Sources */ = {
			isa = PBXSourcesBuildPhase;
			buildActionMask = 2147483647;
			files = (
				EEDBD5B72AFD1B2C008B4894 /* HUDView.swift in Sources */,
				EEDBD5872AFD194A008B4894 /* ContentView.swift in Sources */,
				EEDBD5B12AFD1A4B008B4894 /* EntityHelperMethods.swift in Sources */,
				EEDBD5B92AFD1BFB008B4894 /* EditingView.swift in Sources */,
				EEDBD5AF2AFD1A32008B4894 /* ViewModel.swift in Sources */,
				EEDBD5852AFD194A008B4894 /* AppDelegate.swift in Sources */,
				EEDBD5B32AFD1A6F008B4894 /* MessageView.swift in Sources */,
				EEDBD5B52AFD1A92008B4894 /* ARView.swift in Sources */,
			);
			runOnlyForDeploymentPostprocessing = 0;
		};
		EEDBD58D2AFD194B008B4894 /* Sources */ = {
			isa = PBXSourcesBuildPhase;
			buildActionMask = 2147483647;
			files = (
			);
			runOnlyForDeploymentPostprocessing = 0;
		};
		EEDBD5972AFD194B008B4894 /* Sources */ = {
			isa = PBXSourcesBuildPhase;
			buildActionMask = 2147483647;
			files = (
			);
			runOnlyForDeploymentPostprocessing = 0;
		};
/* End PBXSourcesBuildPhase section */

/* Begin PBXTargetDependency section */
		EEDBD5932AFD194B008B4894 /* PBXTargetDependency */ = {
			isa = PBXTargetDependency;
			target = EEDBD5802AFD194A008B4894 /* CustomizableMessagePlane */;
			targetProxy = EEDBD5922AFD194B008B4894 /* PBXContainerItemProxy */;
		};
		EEDBD59D2AFD194B008B4894 /* PBXTargetDependency */ = {
			isa = PBXTargetDependency;
			target = EEDBD5802AFD194A008B4894 /* CustomizableMessagePlane */;
			targetProxy = EEDBD59C2AFD194B008B4894 /* PBXContainerItemProxy */;
		};
/* End PBXTargetDependency section */

/* Begin XCBuildConfiguration section */
		EEDBD5A32AFD194B008B4894 /* Debug */ = {
			isa = XCBuildConfiguration;
			buildSettings = {
				ALWAYS_SEARCH_USER_PATHS = NO;
				ASSETCATALOG_COMPILER_GENERATE_SWIFT_ASSET_SYMBOL_EXTENSIONS = YES;
				CLANG_ANALYZER_NONNULL = YES;
				CLANG_ANALYZER_NUMBER_OBJECT_CONVERSION = YES_AGGRESSIVE;
				CLANG_CXX_LANGUAGE_STANDARD = "gnu++20";
				CLANG_ENABLE_MODULES = YES;
				CLANG_ENABLE_OBJC_ARC = YES;
				CLANG_ENABLE_OBJC_WEAK = YES;
				CLANG_WARN_BLOCK_CAPTURE_AUTORELEASING = YES;
				CLANG_WARN_BOOL_CONVERSION = YES;
				CLANG_WARN_COMMA = YES;
				CLANG_WARN_CONSTANT_CONVERSION = YES;
				CLANG_WARN_DEPRECATED_OBJC_IMPLEMENTATIONS = YES;
				CLANG_WARN_DIRECT_OBJC_ISA_USAGE = YES_ERROR;
				CLANG_WARN_DOCUMENTATION_COMMENTS = YES;
				CLANG_WARN_EMPTY_BODY = YES;
				CLANG_WARN_ENUM_CONVERSION = YES;
				CLANG_WARN_INFINITE_RECURSION = YES;
				CLANG_WARN_INT_CONVERSION = YES;
				CLANG_WARN_NON_LITERAL_NULL_CONVERSION = YES;
				CLANG_WARN_OBJC_IMPLICIT_RETAIN_SELF = YES;
				CLANG_WARN_OBJC_LITERAL_CONVERSION = YES;
				CLANG_WARN_OBJC_ROOT_CLASS = YES_ERROR;
				CLANG_WARN_QUOTED_INCLUDE_IN_FRAMEWORK_HEADER = YES;
				CLANG_WARN_RANGE_LOOP_ANALYSIS = YES;
				CLANG_WARN_STRICT_PROTOTYPES = YES;
				CLANG_WARN_SUSPICIOUS_MOVE = YES;
				CLANG_WARN_UNGUARDED_AVAILABILITY = YES_AGGRESSIVE;
				CLANG_WARN_UNREACHABLE_CODE = YES;
				CLANG_WARN__DUPLICATE_METHOD_MATCH = YES;
				COPY_PHASE_STRIP = NO;
				DEBUG_INFORMATION_FORMAT = dwarf;
				ENABLE_STRICT_OBJC_MSGSEND = YES;
				ENABLE_TESTABILITY = YES;
				ENABLE_USER_SCRIPT_SANDBOXING = YES;
				GCC_C_LANGUAGE_STANDARD = gnu17;
				GCC_DYNAMIC_NO_PIC = NO;
				GCC_NO_COMMON_BLOCKS = YES;
				GCC_OPTIMIZATION_LEVEL = 0;
				GCC_PREPROCESSOR_DEFINITIONS = (
					"DEBUG=1",
					"$(inherited)",
				);
				GCC_WARN_64_TO_32_BIT_CONVERSION = YES;
				GCC_WARN_ABOUT_RETURN_TYPE = YES_ERROR;
				GCC_WARN_UNDECLARED_SELECTOR = YES;
				GCC_WARN_UNINITIALIZED_AUTOS = YES_AGGRESSIVE;
				GCC_WARN_UNUSED_FUNCTION = YES;
				GCC_WARN_UNUSED_VARIABLE = YES;
				IPHONEOS_DEPLOYMENT_TARGET = 17.0;
				LOCALIZATION_PREFERS_STRING_CATALOGS = YES;
				MTL_ENABLE_DEBUG_INFO = INCLUDE_SOURCE;
				MTL_FAST_MATH = YES;
				ONLY_ACTIVE_ARCH = YES;
				SDKROOT = iphoneos;
				SWIFT_ACTIVE_COMPILATION_CONDITIONS = "DEBUG $(inherited)";
				SWIFT_OPTIMIZATION_LEVEL = "-Onone";
			};
			name = Debug;
		};
		EEDBD5A42AFD194B008B4894 /* Release */ = {
			isa = XCBuildConfiguration;
			buildSettings = {
				ALWAYS_SEARCH_USER_PATHS = NO;
				ASSETCATALOG_COMPILER_GENERATE_SWIFT_ASSET_SYMBOL_EXTENSIONS = YES;
				CLANG_ANALYZER_NONNULL = YES;
				CLANG_ANALYZER_NUMBER_OBJECT_CONVERSION = YES_AGGRESSIVE;
				CLANG_CXX_LANGUAGE_STANDARD = "gnu++20";
				CLANG_ENABLE_MODULES = YES;
				CLANG_ENABLE_OBJC_ARC = YES;
				CLANG_ENABLE_OBJC_WEAK = YES;
				CLANG_WARN_BLOCK_CAPTURE_AUTORELEASING = YES;
				CLANG_WARN_BOOL_CONVERSION = YES;
				CLANG_WARN_COMMA = YES;
				CLANG_WARN_CONSTANT_CONVERSION = YES;
				CLANG_WARN_DEPRECATED_OBJC_IMPLEMENTATIONS = YES;
				CLANG_WARN_DIRECT_OBJC_ISA_USAGE = YES_ERROR;
				CLANG_WARN_DOCUMENTATION_COMMENTS = YES;
				CLANG_WARN_EMPTY_BODY = YES;
				CLANG_WARN_ENUM_CONVERSION = YES;
				CLANG_WARN_INFINITE_RECURSION = YES;
				CLANG_WARN_INT_CONVERSION = YES;
				CLANG_WARN_NON_LITERAL_NULL_CONVERSION = YES;
				CLANG_WARN_OBJC_IMPLICIT_RETAIN_SELF = YES;
				CLANG_WARN_OBJC_LITERAL_CONVERSION = YES;
				CLANG_WARN_OBJC_ROOT_CLASS = YES_ERROR;
				CLANG_WARN_QUOTED_INCLUDE_IN_FRAMEWORK_HEADER = YES;
				CLANG_WARN_RANGE_LOOP_ANALYSIS = YES;
				CLANG_WARN_STRICT_PROTOTYPES = YES;
				CLANG_WARN_SUSPICIOUS_MOVE = YES;
				CLANG_WARN_UNGUARDED_AVAILABILITY = YES_AGGRESSIVE;
				CLANG_WARN_UNREACHABLE_CODE = YES;
				CLANG_WARN__DUPLICATE_METHOD_MATCH = YES;
				COPY_PHASE_STRIP = NO;
				DEBUG_INFORMATION_FORMAT = "dwarf-with-dsym";
				ENABLE_NS_ASSERTIONS = NO;
				ENABLE_STRICT_OBJC_MSGSEND = YES;
				ENABLE_USER_SCRIPT_SANDBOXING = YES;
				GCC_C_LANGUAGE_STANDARD = gnu17;
				GCC_NO_COMMON_BLOCKS = YES;
				GCC_WARN_64_TO_32_BIT_CONVERSION = YES;
				GCC_WARN_ABOUT_RETURN_TYPE = YES_ERROR;
				GCC_WARN_UNDECLARED_SELECTOR = YES;
				GCC_WARN_UNINITIALIZED_AUTOS = YES_AGGRESSIVE;
				GCC_WARN_UNUSED_FUNCTION = YES;
				GCC_WARN_UNUSED_VARIABLE = YES;
				IPHONEOS_DEPLOYMENT_TARGET = 17.0;
				LOCALIZATION_PREFERS_STRING_CATALOGS = YES;
				MTL_ENABLE_DEBUG_INFO = NO;
				MTL_FAST_MATH = YES;
				SDKROOT = iphoneos;
				SWIFT_COMPILATION_MODE = wholemodule;
				VALIDATE_PRODUCT = YES;
			};
			name = Release;
		};
		EEDBD5A62AFD194B008B4894 /* Debug */ = {
			isa = XCBuildConfiguration;
			buildSettings = {
				ASSETCATALOG_COMPILER_APPICON_NAME = AppIcon;
				ASSETCATALOG_COMPILER_GLOBAL_ACCENT_COLOR_NAME = AccentColor;
				CODE_SIGN_STYLE = Automatic;
				CURRENT_PROJECT_VERSION = 1;
				DEVELOPMENT_ASSET_PATHS = "\"CustomizableMessagePlane/Preview Content\"";
				DEVELOPMENT_TEAM = UUUJ633362;
				ENABLE_PREVIEWS = YES;
				GENERATE_INFOPLIST_FILE = YES;
				INFOPLIST_KEY_NSCameraUsageDescription = "";
				INFOPLIST_KEY_UIApplicationSupportsIndirectInputEvents = YES;
				INFOPLIST_KEY_UILaunchScreen_Generation = YES;
				INFOPLIST_KEY_UIRequiredDeviceCapabilities = arkit;
				INFOPLIST_KEY_UIStatusBarHidden = YES;
				INFOPLIST_KEY_UISupportedInterfaceOrientations_iPad = "UIInterfaceOrientationPortrait UIInterfaceOrientationPortraitUpsideDown UIInterfaceOrientationLandscapeLeft UIInterfaceOrientationLandscapeRight";
				INFOPLIST_KEY_UISupportedInterfaceOrientations_iPhone = "UIInterfaceOrientationPortrait UIInterfaceOrientationLandscapeLeft UIInterfaceOrientationLandscapeRight";
				LD_RUNPATH_SEARCH_PATHS = (
					"$(inherited)",
					"@executable_path/Frameworks",
				);
				MARKETING_VERSION = 1.0;
				PRODUCT_BUNDLE_IDENTIFIER = "com.example.apple-samplecode.CustomizableMessagePlane";
				PRODUCT_NAME = "$(TARGET_NAME)";
				SWIFT_EMIT_LOC_STRINGS = YES;
				SWIFT_VERSION = 5.0;
				TARGETED_DEVICE_FAMILY = "1,2";
			};
			name = Debug;
		};
		EEDBD5A72AFD194B008B4894 /* Release */ = {
			isa = XCBuildConfiguration;
			buildSettings = {
				ASSETCATALOG_COMPILER_APPICON_NAME = AppIcon;
				ASSETCATALOG_COMPILER_GLOBAL_ACCENT_COLOR_NAME = AccentColor;
				CODE_SIGN_STYLE = Automatic;
				CURRENT_PROJECT_VERSION = 1;
				DEVELOPMENT_ASSET_PATHS = "\"CustomizableMessagePlane/Preview Content\"";
				DEVELOPMENT_TEAM = UUUJ633362;
				ENABLE_PREVIEWS = YES;
				GENERATE_INFOPLIST_FILE = YES;
				INFOPLIST_KEY_NSCameraUsageDescription = "";
				INFOPLIST_KEY_UIApplicationSupportsIndirectInputEvents = YES;
				INFOPLIST_KEY_UILaunchScreen_Generation = YES;
				INFOPLIST_KEY_UIRequiredDeviceCapabilities = arkit;
				INFOPLIST_KEY_UIStatusBarHidden = YES;
				INFOPLIST_KEY_UISupportedInterfaceOrientations_iPad = "UIInterfaceOrientationPortrait UIInterfaceOrientationPortraitUpsideDown UIInterfaceOrientationLandscapeLeft UIInterfaceOrientationLandscapeRight";
				INFOPLIST_KEY_UISupportedInterfaceOrientations_iPhone = "UIInterfaceOrientationPortrait UIInterfaceOrientationLandscapeLeft UIInterfaceOrientationLandscapeRight";
				LD_RUNPATH_SEARCH_PATHS = (
					"$(inherited)",
					"@executable_path/Frameworks",
				);
				MARKETING_VERSION = 1.0;
				PRODUCT_BUNDLE_IDENTIFIER = "com.example.apple-samplecode.CustomizableMessagePlane";
				PRODUCT_NAME = "$(TARGET_NAME)";
				SWIFT_EMIT_LOC_STRINGS = YES;
				SWIFT_VERSION = 5.0;
				TARGETED_DEVICE_FAMILY = "1,2";
			};
			name = Release;
		};
		EEDBD5A92AFD194B008B4894 /* Debug */ = {
			isa = XCBuildConfiguration;
			buildSettings = {
				ALWAYS_EMBED_SWIFT_STANDARD_LIBRARIES = YES;
				BUNDLE_LOADER = "$(TEST_HOST)";
				CODE_SIGN_STYLE = Automatic;
				CURRENT_PROJECT_VERSION = 1;
				DEVELOPMENT_TEAM = UUUJ633362;
				GENERATE_INFOPLIST_FILE = YES;
				IPHONEOS_DEPLOYMENT_TARGET = 17.0;
				MARKETING_VERSION = 1.0;
				PRODUCT_BUNDLE_IDENTIFIER = "com.example.apple-samplecode.CustomizableMessagePlaneTests";
				PRODUCT_NAME = "$(TARGET_NAME)";
				SWIFT_EMIT_LOC_STRINGS = NO;
				SWIFT_VERSION = 5.0;
				TARGETED_DEVICE_FAMILY = "1,2";
				TEST_HOST = "$(BUILT_PRODUCTS_DIR)/CustomizableMessagePlane.app/$(BUNDLE_EXECUTABLE_FOLDER_PATH)/CustomizableMessagePlane";
			};
			name = Debug;
		};
		EEDBD5AA2AFD194B008B4894 /* Release */ = {
			isa = XCBuildConfiguration;
			buildSettings = {
				ALWAYS_EMBED_SWIFT_STANDARD_LIBRARIES = YES;
				BUNDLE_LOADER = "$(TEST_HOST)";
				CODE_SIGN_STYLE = Automatic;
				CURRENT_PROJECT_VERSION = 1;
				DEVELOPMENT_TEAM = UUUJ633362;
				GENERATE_INFOPLIST_FILE = YES;
				IPHONEOS_DEPLOYMENT_TARGET = 17.0;
				MARKETING_VERSION = 1.0;
				PRODUCT_BUNDLE_IDENTIFIER = "com.example.apple-samplecode.CustomizableMessagePlaneTests";
				PRODUCT_NAME = "$(TARGET_NAME)";
				SWIFT_EMIT_LOC_STRINGS = NO;
				SWIFT_VERSION = 5.0;
				TARGETED_DEVICE_FAMILY = "1,2";
				TEST_HOST = "$(BUILT_PRODUCTS_DIR)/CustomizableMessagePlane.app/$(BUNDLE_EXECUTABLE_FOLDER_PATH)/CustomizableMessagePlane";
			};
			name = Release;
		};
		EEDBD5AC2AFD194B008B4894 /* Debug */ = {
			isa = XCBuildConfiguration;
			buildSettings = {
				ALWAYS_EMBED_SWIFT_STANDARD_LIBRARIES = YES;
				CODE_SIGN_STYLE = Automatic;
				CURRENT_PROJECT_VERSION = 1;
				DEVELOPMENT_TEAM = UUUJ633362;
				GENERATE_INFOPLIST_FILE = YES;
				MARKETING_VERSION = 1.0;
				PRODUCT_BUNDLE_IDENTIFIER = "com.example.apple-samplecode.CustomizableMessagePlaneUITests";
				PRODUCT_NAME = "$(TARGET_NAME)";
				SWIFT_EMIT_LOC_STRINGS = NO;
				SWIFT_VERSION = 5.0;
				TARGETED_DEVICE_FAMILY = "1,2";
				TEST_TARGET_NAME = CustomizableMessagePlane;
			};
			name = Debug;
		};
		EEDBD5AD2AFD194B008B4894 /* Release */ = {
			isa = XCBuildConfiguration;
			buildSettings = {
				ALWAYS_EMBED_SWIFT_STANDARD_LIBRARIES = YES;
				CODE_SIGN_STYLE = Automatic;
				CURRENT_PROJECT_VERSION = 1;
				DEVELOPMENT_TEAM = UUUJ633362;
				GENERATE_INFOPLIST_FILE = YES;
				MARKETING_VERSION = 1.0;
				PRODUCT_BUNDLE_IDENTIFIER = "com.example.apple-samplecode.CustomizableMessagePlaneUITests";
				PRODUCT_NAME = "$(TARGET_NAME)";
				SWIFT_EMIT_LOC_STRINGS = NO;
				SWIFT_VERSION = 5.0;
				TARGETED_DEVICE_FAMILY = "1,2";
				TEST_TARGET_NAME = CustomizableMessagePlane;
			};
			name = Release;
		};
/* End XCBuildConfiguration section */

/* Begin XCConfigurationList section */
		EEDBD57C2AFD194A008B4894 /* Build configuration list for PBXProject "CustomizableMessagePlane" */ = {
			isa = XCConfigurationList;
			buildConfigurations = (
				EEDBD5A32AFD194B008B4894 /* Debug */,
				EEDBD5A42AFD194B008B4894 /* Release */,
			);
			defaultConfigurationIsVisible = 0;
			defaultConfigurationName = Release;
		};
		EEDBD5A52AFD194B008B4894 /* Build configuration list for PBXNativeTarget "CustomizableMessagePlane" */ = {
			isa = XCConfigurationList;
			buildConfigurations = (
				EEDBD5A62AFD194B008B4894 /* Debug */,
				EEDBD5A72AFD194B008B4894 /* Release */,
			);
			defaultConfigurationIsVisible = 0;
			defaultConfigurationName = Release;
		};
		EEDBD5A82AFD194B008B4894 /* Build configuration list for PBXNativeTarget "CustomizableMessagePlaneTests" */ = {
			isa = XCConfigurationList;
			buildConfigurations = (
				EEDBD5A92AFD194B008B4894 /* Debug */,
				EEDBD5AA2AFD194B008B4894 /* Release */,
			);
			defaultConfigurationIsVisible = 0;
			defaultConfigurationName = Release;
		};
		EEDBD5AB2AFD194B008B4894 /* Build configuration list for PBXNativeTarget "CustomizableMessagePlaneUITests" */ = {
			isa = XCConfigurationList;
			buildConfigurations = (
				EEDBD5AC2AFD194B008B4894 /* Debug */,
				EEDBD5AD2AFD194B008B4894 /* Release */,
			);
			defaultConfigurationIsVisible = 0;
			defaultConfigurationName = Release;
		};
/* End XCConfigurationList section */
	};
	rootObject = EEDBD5792AFD194A008B4894 /* Project object */;
}
